
Microsoft Visual Studio Solution File, Format Version 12.00
# Visual Studio Version 17
VisualStudioVersion = 17.0.31903.59
MinimumVisualStudioVersion = 10.0.40219.1
Project("{FAE04EC0-301F-11D3-BF4B-00C04F79EFBC}") = "StocksCommon", "StocksCommon\StocksCommon.csproj", "{D8FC2ADD-9B30-49AD-84EA-0CBFF02CB9EF}"
EndProject
Project("{FAE04EC0-301F-11D3-BF4B-00C04F79EFBC}") = "StocksRepository", "StocksRepository\StocksRepository.csproj", "{E156B3ED-0B9F-4E70-93C7-EB22E472D553}"
EndProject
Project("{FAE04EC0-301F-11D3-BF4B-00C04F79EFBC}") = "StocksService", "StocksService\StocksService.csproj", "{D1551F35-AD8B-444D-8304-DE8D0EB27D26}"
EndProject
Project("{FAE04EC0-301F-11D3-BF4B-00C04F79EFBC}") = "StocksController", "StocksController\StocksController.csproj", "{927742B9-2037-4FBF-9181-73F4092DAA4A}"
EndProject
Project("{FAE04EC0-301F-11D3-BF4B-00C04F79EFBC}") = "StocksWebApi.Tests", "StocksWebApi.Tests\StocksWebApi.Tests.csproj", "{BFC23CD2-A006-4FBF-89B9-FFCBE9F3036B}"
EndProject
Global
	GlobalSection(SolutionConfigurationPlatforms) = preSolution
		Debug|Any CPU = Debug|Any CPU
		Release|Any CPU = Release|Any CPU
	EndGlobalSection
	GlobalSection(SolutionProperties) = preSolution
		HideSolutionNode = FALSE
	EndGlobalSection
	GlobalSection(ProjectConfigurationPlatforms) = postSolution
		{D8FC2ADD-9B30-49AD-84EA-0CBFF02CB9EF}.Debug|Any CPU.ActiveCfg = Debug|Any CPU
		{D8FC2ADD-9B30-49AD-84EA-0CBFF02CB9EF}.Debug|Any CPU.Build.0 = Debug|Any CPU
		{D8FC2ADD-9B30-49AD-84EA-0CBFF02CB9EF}.Release|Any CPU.ActiveCfg = Release|Any CPU
		{D8FC2ADD-9B30-49AD-84EA-0CBFF02CB9EF}.Release|Any CPU.Build.0 = Release|Any CPU
		{E156B3ED-0B9F-4E70-93C7-EB22E472D553}.Debug|Any CPU.ActiveCfg = Debug|Any CPU
		{E156B3ED-0B9F-4E70-93C7-EB22E472D553}.Debug|Any CPU.Build.0 = Debug|Any CPU
		{E156B3ED-0B9F-4E70-93C7-EB22E472D553}.Release|Any CPU.ActiveCfg = Release|Any CPU
		{E156B3ED-0B9F-4E70-93C7-EB22E472D553}.Release|Any CPU.Build.0 = Release|Any CPU
		{D1551F35-AD8B-444D-8304-DE8D0EB27D26}.Debug|Any CPU.ActiveCfg = Debug|Any CPU
		{D1551F35-AD8B-444D-8304-DE8D0EB27D26}.Debug|Any CPU.Build.0 = Debug|Any CPU
		{D1551F35-AD8B-444D-8304-DE8D0EB27D26}.Release|Any CPU.ActiveCfg = Release|Any CPU
		{D1551F35-AD8B-444D-8304-DE8D0EB27D26}.Release|Any CPU.Build.0 = Release|Any CPU
		{927742B9-2037-4FBF-9181-73F4092DAA4A}.Debug|Any CPU.ActiveCfg = Debug|Any CPU
		{927742B9-2037-4FBF-9181-73F4092DAA4A}.Debug|Any CPU.Build.0 = Debug|Any CPU
		{927742B9-2037-4FBF-9181-73F4092DAA4A}.Release|Any CPU.ActiveCfg = Release|Any CPU
		{927742B9-2037-4FBF-9181-73F4092DAA4A}.Release|Any CPU.Build.0 = Release|Any CPU
		{BFC23CD2-A006-4FBF-89B9-FFCBE9F3036B}.Debug|Any CPU.ActiveCfg = Debug|Any CPU
		{BFC23CD2-A006-4FBF-89B9-FFCBE9F3036B}.Debug|Any CPU.Build.0 = Debug|Any CPU
		{BFC23CD2-A006-4FBF-89B9-FFCBE9F3036B}.Release|Any CPU.ActiveCfg = Release|Any CPU
		{BFC23CD2-A006-4FBF-89B9-FFCBE9F3036B}.Release|Any CPU.Build.0 = Release|Any CPU
	EndGlobalSection
EndGlobal
